
Microsoft Visual Studio Solution File, Format Version 12.00
# Visual Studio Version 16
VisualStudioVersion = 16.0.31105.61
MinimumVisualStudioVersion = 10.0.40219.1
Project("{9A19103F-16F7-4668-BE54-9A1E7A4F7556}") = "ClickLib", "ClickLib\ClickLib.csproj", "{AFF928B6-D7FA-4B32-B4F0-C24AD7C4D69F}"
EndProject
Project("{2150E333-8FDC-42A3-9474-1A3956D46DE8}") = "Solutions Items", "Solutions Items", "{F78B6E4E-5652-4386-B00D-DEF713CFF720}"
	ProjectSection(SolutionItems) = preProject
		.gitignore = .gitignore
		README.md = README.md
	EndProjectSection
EndProject
Project("{9A19103F-16F7-4668-BE54-9A1E7A4F7556}") = "FFXIVClientStructs", "lib\FFXIVClientStructs\FFXIVClientStructs.csproj", "{D9594F86-4945-471A-A846-EC1E1A519827}"
EndProject
Global
	GlobalSection(SolutionConfigurationPlatforms) = preSolution
		Debug|Any CPU = Debug|Any CPU
		Release|Any CPU = Release|Any CPU
	EndGlobalSection
	GlobalSection(ProjectConfigurationPlatforms) = postSolution
		{AFF928B6-D7FA-4B32-B4F0-C24AD7C4D69F}.Debug|Any CPU.ActiveCfg = Debug|Any CPU
		{AFF928B6-D7FA-4B32-B4F0-C24AD7C4D69F}.Debug|Any CPU.Build.0 = Debug|Any CPU
		{AFF928B6-D7FA-4B32-B4F0-C24AD7C4D69F}.Release|Any CPU.ActiveCfg = Release|Any CPU
		{AFF928B6-D7FA-4B32-B4F0-C24AD7C4D69F}.Release|Any CPU.Build.0 = Release|Any CPU
		{D9594F86-4945-471A-A846-EC1E1A519827}.Debug|Any CPU.ActiveCfg = Debug|Any CPU
		{D9594F86-4945-471A-A846-EC1E1A519827}.Debug|Any CPU.Build.0 = Debug|Any CPU
		{D9594F86-4945-471A-A846-EC1E1A519827}.Release|Any CPU.ActiveCfg = Release|Any CPU
		{D9594F86-4945-471A-A846-EC1E1A519827}.Release|Any CPU.Build.0 = Release|Any CPU
	EndGlobalSection
	GlobalSection(SolutionProperties) = preSolution
		HideSolutionNode = FALSE
	EndGlobalSection
	GlobalSection(ExtensibilityGlobals) = postSolution
		SolutionGuid = {5445B5AC-A530-4094-9FBC-38085DF34E16}
	EndGlobalSection
EndGlobal
